// !$*UTF8*$!
{
	archiveVersion = 1;
	classes = {
	};
	objectVersion = 56;
	objects = {

/* Begin PBXBuildFile section */
		28105C7B2C09E28000A308F5 /* MenuView.swift in Sources */ = {isa = PBXBuildFile; fileRef = 28105C7A2C09E28000A308F5 /* MenuView.swift */; };
		28105C7D2C09E2AC00A308F5 /* GameView.swift in Sources */ = {isa = PBXBuildFile; fileRef = 28105C7C2C09E2AC00A308F5 /* GameView.swift */; };
		28105C7F2C09E2C500A308F5 /* GameOverView.swift in Sources */ = {isa = PBXBuildFile; fileRef = 28105C7E2C09E2C500A308F5 /* GameOverView.swift */; };
		28105C822C09E30600A308F5 /* MatchManager.swift in Sources */ = {isa = PBXBuildFile; fileRef = 28105C812C09E30600A308F5 /* MatchManager.swift */; };
		28105C842C09E32800A308F5 /* MatchManager+GKMatchmakerViewControllerDelegate.swift in Sources */ = {isa = PBXBuildFile; fileRef = 28105C832C09E32800A308F5 /* MatchManager+GKMatchmakerViewControllerDelegate.swift */; };
		28105C862C09E35400A308F5 /* MatchManager+GKMatchDelegate.swift in Sources */ = {isa = PBXBuildFile; fileRef = 28105C852C09E35400A308F5 /* MatchManager+GKMatchDelegate.swift */; };
		28105C882C09E36E00A308F5 /* MatchManager+GKLocalPlayerListener.swift in Sources */ = {isa = PBXBuildFile; fileRef = 28105C872C09E36E00A308F5 /* MatchManager+GKLocalPlayerListener.swift */; };
		28105C8A2C09E3A200A308F5 /* MusicManager.swift in Sources */ = {isa = PBXBuildFile; fileRef = 28105C892C09E3A200A308F5 /* MusicManager.swift */; };
		28105C8D2C09E3C100A308F5 /* AuthState.swift in Sources */ = {isa = PBXBuildFile; fileRef = 28105C8C2C09E3C100A308F5 /* AuthState.swift */; };
		28853E682C0DD36800504A1E /* DeductView.swift in Sources */ = {isa = PBXBuildFile; fileRef = 28853E672C0DD36800504A1E /* DeductView.swift */; };
		3E42977E2C09D28600B91C10 /* CluelessApp.swift in Sources */ = {isa = PBXBuildFile; fileRef = 3E42977D2C09D28600B91C10 /* CluelessApp.swift */; };
		3E4297802C09D28600B91C10 /* ContentView.swift in Sources */ = {isa = PBXBuildFile; fileRef = 3E42977F2C09D28600B91C10 /* ContentView.swift */; };
		3E4297822C09D28700B91C10 /* Assets.xcassets in Resources */ = {isa = PBXBuildFile; fileRef = 3E4297812C09D28700B91C10 /* Assets.xcassets */; };
		3E4297852C09D28700B91C10 /* Preview Assets.xcassets in Resources */ = {isa = PBXBuildFile; fileRef = 3E4297842C09D28700B91C10 /* Preview Assets.xcassets */; };
/* End PBXBuildFile section */

/* Begin PBXFileReference section */
		28105C7A2C09E28000A308F5 /* MenuView.swift */ = {isa = PBXFileReference; lastKnownFileType = sourcecode.swift; path = MenuView.swift; sourceTree = "<group>"; };
		28105C7C2C09E2AC00A308F5 /* GameView.swift */ = {isa = PBXFileReference; lastKnownFileType = sourcecode.swift; path = GameView.swift; sourceTree = "<group>"; };
		28105C7E2C09E2C500A308F5 /* GameOverView.swift */ = {isa = PBXFileReference; lastKnownFileType = sourcecode.swift; path = GameOverView.swift; sourceTree = "<group>"; };
		28105C812C09E30600A308F5 /* MatchManager.swift */ = {isa = PBXFileReference; lastKnownFileType = sourcecode.swift; path = MatchManager.swift; sourceTree = "<group>"; };
		28105C832C09E32800A308F5 /* MatchManager+GKMatchmakerViewControllerDelegate.swift */ = {isa = PBXFileReference; lastKnownFileType = sourcecode.swift; path = "MatchManager+GKMatchmakerViewControllerDelegate.swift"; sourceTree = "<group>"; };
		28105C852C09E35400A308F5 /* MatchManager+GKMatchDelegate.swift */ = {isa = PBXFileReference; lastKnownFileType = sourcecode.swift; path = "MatchManager+GKMatchDelegate.swift"; sourceTree = "<group>"; };
		28105C872C09E36E00A308F5 /* MatchManager+GKLocalPlayerListener.swift */ = {isa = PBXFileReference; lastKnownFileType = sourcecode.swift; path = "MatchManager+GKLocalPlayerListener.swift"; sourceTree = "<group>"; };
		28105C892C09E3A200A308F5 /* MusicManager.swift */ = {isa = PBXFileReference; lastKnownFileType = sourcecode.swift; path = MusicManager.swift; sourceTree = "<group>"; };
		28105C8C2C09E3C100A308F5 /* AuthState.swift */ = {isa = PBXFileReference; lastKnownFileType = sourcecode.swift; path = AuthState.swift; sourceTree = "<group>"; };
		28105C8E2C09E62100A308F5 /* Clueless.entitlements */ = {isa = PBXFileReference; lastKnownFileType = text.plist.entitlements; path = Clueless.entitlements; sourceTree = "<group>"; };
		28853E672C0DD36800504A1E /* DeductView.swift */ = {isa = PBXFileReference; lastKnownFileType = sourcecode.swift; path = DeductView.swift; sourceTree = "<group>"; };
		28853E6D2C0EFF7100504A1E /* Info.plist */ = {isa = PBXFileReference; lastKnownFileType = text.plist; path = Info.plist; sourceTree = "<group>"; };
		3E42977A2C09D28600B91C10 /* Clueless.app */ = {isa = PBXFileReference; explicitFileType = wrapper.application; includeInIndex = 0; path = Clueless.app; sourceTree = BUILT_PRODUCTS_DIR; };
		3E42977D2C09D28600B91C10 /* CluelessApp.swift */ = {isa = PBXFileReference; lastKnownFileType = sourcecode.swift; path = CluelessApp.swift; sourceTree = "<group>"; };
		3E42977F2C09D28600B91C10 /* ContentView.swift */ = {isa = PBXFileReference; lastKnownFileType = sourcecode.swift; path = ContentView.swift; sourceTree = "<group>"; };
		3E4297812C09D28700B91C10 /* Assets.xcassets */ = {isa = PBXFileReference; lastKnownFileType = folder.assetcatalog; path = Assets.xcassets; sourceTree = "<group>"; };
		3E4297842C09D28700B91C10 /* Preview Assets.xcassets */ = {isa = PBXFileReference; lastKnownFileType = folder.assetcatalog; path = "Preview Assets.xcassets"; sourceTree = "<group>"; };
/* End PBXFileReference section */

/* Begin PBXFrameworksBuildPhase section */
		3E4297772C09D28600B91C10 /* Frameworks */ = {
			isa = PBXFrameworksBuildPhase;
			buildActionMask = 2147483647;
			files = (
			);
			runOnlyForDeploymentPostprocessing = 0;
		};
/* End PBXFrameworksBuildPhase section */

/* Begin PBXGroup section */
		28105C792C09E26100A308F5 /* Views */ = {
			isa = PBXGroup;
			children = (
				3E42977F2C09D28600B91C10 /* ContentView.swift */,
				28105C7A2C09E28000A308F5 /* MenuView.swift */,
				28105C7C2C09E2AC00A308F5 /* GameView.swift */,
				28105C7E2C09E2C500A308F5 /* GameOverView.swift */,
				28853E672C0DD36800504A1E /* DeductView.swift */,
			);
			path = Views;
			sourceTree = "<group>";
		};
		28105C802C09E2EE00A308F5 /* Managers */ = {
			isa = PBXGroup;
			children = (
				28105C812C09E30600A308F5 /* MatchManager.swift */,
				28105C832C09E32800A308F5 /* MatchManager+GKMatchmakerViewControllerDelegate.swift */,
				28105C852C09E35400A308F5 /* MatchManager+GKMatchDelegate.swift */,
				28105C872C09E36E00A308F5 /* MatchManager+GKLocalPlayerListener.swift */,
				28105C892C09E3A200A308F5 /* MusicManager.swift */,
			);
			path = Managers;
			sourceTree = "<group>";
		};
		28105C8B2C09E3B400A308F5 /* Utils */ = {
			isa = PBXGroup;
			children = (
				28105C8C2C09E3C100A308F5 /* AuthState.swift */,
			);
			path = Utils;
			sourceTree = "<group>";
		};
		3E4297712C09D28600B91C10 = {
			isa = PBXGroup;
			children = (
				3E42977C2C09D28600B91C10 /* Clueless */,
				3E42977B2C09D28600B91C10 /* Products */,
			);
			sourceTree = "<group>";
		};
		3E42977B2C09D28600B91C10 /* Products */ = {
			isa = PBXGroup;
			children = (
				3E42977A2C09D28600B91C10 /* Clueless.app */,
			);
			name = Products;
			sourceTree = "<group>";
		};
		3E42977C2C09D28600B91C10 /* Clueless */ = {
			isa = PBXGroup;
			children = (
				28853E6D2C0EFF7100504A1E /* Info.plist */,
				28105C8E2C09E62100A308F5 /* Clueless.entitlements */,
				28105C8B2C09E3B400A308F5 /* Utils */,
				28105C802C09E2EE00A308F5 /* Managers */,
				28105C792C09E26100A308F5 /* Views */,
				3E42977D2C09D28600B91C10 /* CluelessApp.swift */,
				3E4297812C09D28700B91C10 /* Assets.xcassets */,
				3E4297832C09D28700B91C10 /* Preview Content */,
			);
			path = Clueless;
			sourceTree = "<group>";
		};
		3E4297832C09D28700B91C10 /* Preview Content */ = {
			isa = PBXGroup;
			children = (
				3E4297842C09D28700B91C10 /* Preview Assets.xcassets */,
			);
			path = "Preview Content";
			sourceTree = "<group>";
		};
/* End PBXGroup section */

/* Begin PBXNativeTarget section */
		3E4297792C09D28600B91C10 /* Clueless */ = {
			isa = PBXNativeTarget;
			buildConfigurationList = 3E4297882C09D28700B91C10 /* Build configuration list for PBXNativeTarget "Clueless" */;
			buildPhases = (
				3E4297762C09D28600B91C10 /* Sources */,
				3E4297772C09D28600B91C10 /* Frameworks */,
				3E4297782C09D28600B91C10 /* Resources */,
			);
			buildRules = (
			);
			dependencies = (
			);
			name = Clueless;
			productName = Clueless;
			productReference = 3E42977A2C09D28600B91C10 /* Clueless.app */;
			productType = "com.apple.product-type.application";
		};
/* End PBXNativeTarget section */

/* Begin PBXProject section */
		3E4297722C09D28600B91C10 /* Project object */ = {
			isa = PBXProject;
			attributes = {
				BuildIndependentTargetsInParallel = 1;
				LastSwiftUpdateCheck = 1520;
				LastUpgradeCheck = 1520;
				TargetAttributes = {
					3E4297792C09D28600B91C10 = {
						CreatedOnToolsVersion = 15.2;
					};
				};
			};
			buildConfigurationList = 3E4297752C09D28600B91C10 /* Build configuration list for PBXProject "Clueless" */;
			compatibilityVersion = "Xcode 14.0";
			developmentRegion = en;
			hasScannedForEncodings = 0;
			knownRegions = (
				en,
				Base,
			);
			mainGroup = 3E4297712C09D28600B91C10;
			productRefGroup = 3E42977B2C09D28600B91C10 /* Products */;
			projectDirPath = "";
			projectRoot = "";
			targets = (
				3E4297792C09D28600B91C10 /* Clueless */,
			);
		};
/* End PBXProject section */

/* Begin PBXResourcesBuildPhase section */
		3E4297782C09D28600B91C10 /* Resources */ = {
			isa = PBXResourcesBuildPhase;
			buildActionMask = 2147483647;
			files = (
				3E4297852C09D28700B91C10 /* Preview Assets.xcassets in Resources */,
				3E4297822C09D28700B91C10 /* Assets.xcassets in Resources */,
			);
			runOnlyForDeploymentPostprocessing = 0;
		};
/* End PBXResourcesBuildPhase section */

/* Begin PBXSourcesBuildPhase section */
		3E4297762C09D28600B91C10 /* Sources */ = {
			isa = PBXSourcesBuildPhase;
			buildActionMask = 2147483647;
			files = (
				28105C842C09E32800A308F5 /* MatchManager+GKMatchmakerViewControllerDelegate.swift in Sources */,
				28105C7F2C09E2C500A308F5 /* GameOverView.swift in Sources */,
				28105C862C09E35400A308F5 /* MatchManager+GKMatchDelegate.swift in Sources */,
				28105C822C09E30600A308F5 /* MatchManager.swift in Sources */,
				28105C8D2C09E3C100A308F5 /* AuthState.swift in Sources */,
				3E4297802C09D28600B91C10 /* ContentView.swift in Sources */,
				28105C7B2C09E28000A308F5 /* MenuView.swift in Sources */,
				28105C7D2C09E2AC00A308F5 /* GameView.swift in Sources */,
				3E42977E2C09D28600B91C10 /* CluelessApp.swift in Sources */,
				28105C882C09E36E00A308F5 /* MatchManager+GKLocalPlayerListener.swift in Sources */,
				28105C8A2C09E3A200A308F5 /* MusicManager.swift in Sources */,
				28853E682C0DD36800504A1E /* DeductView.swift in Sources */,
			);
			runOnlyForDeploymentPostprocessing = 0;
		};
/* End PBXSourcesBuildPhase section */

/* Begin XCBuildConfiguration section */
		3E4297862C09D28700B91C10 /* Debug */ = {
			isa = XCBuildConfiguration;
			buildSettings = {
				ALWAYS_SEARCH_USER_PATHS = NO;
				ASSETCATALOG_COMPILER_GENERATE_SWIFT_ASSET_SYMBOL_EXTENSIONS = YES;
				CLANG_ANALYZER_NONNULL = YES;
				CLANG_ANALYZER_NUMBER_OBJECT_CONVERSION = YES_AGGRESSIVE;
				CLANG_CXX_LANGUAGE_STANDARD = "gnu++20";
				CLANG_ENABLE_MODULES = YES;
				CLANG_ENABLE_OBJC_ARC = YES;
				CLANG_ENABLE_OBJC_WEAK = YES;
				CLANG_WARN_BLOCK_CAPTURE_AUTORELEASING = YES;
				CLANG_WARN_BOOL_CONVERSION = YES;
				CLANG_WARN_COMMA = YES;
				CLANG_WARN_CONSTANT_CONVERSION = YES;
				CLANG_WARN_DEPRECATED_OBJC_IMPLEMENTATIONS = YES;
				CLANG_WARN_DIRECT_OBJC_ISA_USAGE = YES_ERROR;
				CLANG_WARN_DOCUMENTATION_COMMENTS = YES;
				CLANG_WARN_EMPTY_BODY = YES;
				CLANG_WARN_ENUM_CONVERSION = YES;
				CLANG_WARN_INFINITE_RECURSION = YES;
				CLANG_WARN_INT_CONVERSION = YES;
				CLANG_WARN_NON_LITERAL_NULL_CONVERSION = YES;
				CLANG_WARN_OBJC_IMPLICIT_RETAIN_SELF = YES;
				CLANG_WARN_OBJC_LITERAL_CONVERSION = YES;
				CLANG_WARN_OBJC_ROOT_CLASS = YES_ERROR;
				CLANG_WARN_QUOTED_INCLUDE_IN_FRAMEWORK_HEADER = YES;
				CLANG_WARN_RANGE_LOOP_ANALYSIS = YES;
				CLANG_WARN_STRICT_PROTOTYPES = YES;
				CLANG_WARN_SUSPICIOUS_MOVE = YES;
				CLANG_WARN_UNGUARDED_AVAILABILITY = YES_AGGRESSIVE;
				CLANG_WARN_UNREACHABLE_CODE = YES;
				CLANG_WARN__DUPLICATE_METHOD_MATCH = YES;
				COPY_PHASE_STRIP = NO;
				DEBUG_INFORMATION_FORMAT = dwarf;
				ENABLE_STRICT_OBJC_MSGSEND = YES;
				ENABLE_TESTABILITY = YES;
				ENABLE_USER_SCRIPT_SANDBOXING = YES;
				GCC_C_LANGUAGE_STANDARD = gnu17;
				GCC_DYNAMIC_NO_PIC = NO;
				GCC_NO_COMMON_BLOCKS = YES;
				GCC_OPTIMIZATION_LEVEL = 0;
				GCC_PREPROCESSOR_DEFINITIONS = (
					"DEBUG=1",
					"$(inherited)",
				);
				GCC_WARN_64_TO_32_BIT_CONVERSION = YES;
				GCC_WARN_ABOUT_RETURN_TYPE = YES_ERROR;
				GCC_WARN_UNDECLARED_SELECTOR = YES;
				GCC_WARN_UNINITIALIZED_AUTOS = YES_AGGRESSIVE;
				GCC_WARN_UNUSED_FUNCTION = YES;
				GCC_WARN_UNUSED_VARIABLE = YES;
				IPHONEOS_DEPLOYMENT_TARGET = 17.2;
				LOCALIZATION_PREFERS_STRING_CATALOGS = YES;
				MTL_ENABLE_DEBUG_INFO = INCLUDE_SOURCE;
				MTL_FAST_MATH = YES;
				ONLY_ACTIVE_ARCH = YES;
				SDKROOT = iphoneos;
				SWIFT_ACTIVE_COMPILATION_CONDITIONS = "DEBUG $(inherited)";
				SWIFT_OPTIMIZATION_LEVEL = "-Onone";
			};
			name = Debug;
		};
		3E4297872C09D28700B91C10 /* Release */ = {
			isa = XCBuildConfiguration;
			buildSettings = {
				ALWAYS_SEARCH_USER_PATHS = NO;
				ASSETCATALOG_COMPILER_GENERATE_SWIFT_ASSET_SYMBOL_EXTENSIONS = YES;
				CLANG_ANALYZER_NONNULL = YES;
				CLANG_ANALYZER_NUMBER_OBJECT_CONVERSION = YES_AGGRESSIVE;
				CLANG_CXX_LANGUAGE_STANDARD = "gnu++20";
				CLANG_ENABLE_MODULES = YES;
				CLANG_ENABLE_OBJC_ARC = YES;
				CLANG_ENABLE_OBJC_WEAK = YES;
				CLANG_WARN_BLOCK_CAPTURE_AUTORELEASING = YES;
				CLANG_WARN_BOOL_CONVERSION = YES;
				CLANG_WARN_COMMA = YES;
				CLANG_WARN_CONSTANT_CONVERSION = YES;
				CLANG_WARN_DEPRECATED_OBJC_IMPLEMENTATIONS = YES;
				CLANG_WARN_DIRECT_OBJC_ISA_USAGE = YES_ERROR;
				CLANG_WARN_DOCUMENTATION_COMMENTS = YES;
				CLANG_WARN_EMPTY_BODY = YES;
				CLANG_WARN_ENUM_CONVERSION = YES;
				CLANG_WARN_INFINITE_RECURSION = YES;
				CLANG_WARN_INT_CONVERSION = YES;
				CLANG_WARN_NON_LITERAL_NULL_CONVERSION = YES;
				CLANG_WARN_OBJC_IMPLICIT_RETAIN_SELF = YES;
				CLANG_WARN_OBJC_LITERAL_CONVERSION = YES;
				CLANG_WARN_OBJC_ROOT_CLASS = YES_ERROR;
				CLANG_WARN_QUOTED_INCLUDE_IN_FRAMEWORK_HEADER = YES;
				CLANG_WARN_RANGE_LOOP_ANALYSIS = YES;
				CLANG_WARN_STRICT_PROTOTYPES = YES;
				CLANG_WARN_SUSPICIOUS_MOVE = YES;
				CLANG_WARN_UNGUARDED_AVAILABILITY = YES_AGGRESSIVE;
				CLANG_WARN_UNREACHABLE_CODE = YES;
				CLANG_WARN__DUPLICATE_METHOD_MATCH = YES;
				COPY_PHASE_STRIP = NO;
				DEBUG_INFORMATION_FORMAT = "dwarf-with-dsym";
				ENABLE_NS_ASSERTIONS = NO;
				ENABLE_STRICT_OBJC_MSGSEND = YES;
				ENABLE_USER_SCRIPT_SANDBOXING = YES;
				GCC_C_LANGUAGE_STANDARD = gnu17;
				GCC_NO_COMMON_BLOCKS = YES;
				GCC_WARN_64_TO_32_BIT_CONVERSION = YES;
				GCC_WARN_ABOUT_RETURN_TYPE = YES_ERROR;
				GCC_WARN_UNDECLARED_SELECTOR = YES;
				GCC_WARN_UNINITIALIZED_AUTOS = YES_AGGRESSIVE;
				GCC_WARN_UNUSED_FUNCTION = YES;
				GCC_WARN_UNUSED_VARIABLE = YES;
				IPHONEOS_DEPLOYMENT_TARGET = 17.2;
				LOCALIZATION_PREFERS_STRING_CATALOGS = YES;
				MTL_ENABLE_DEBUG_INFO = NO;
				MTL_FAST_MATH = YES;
				SDKROOT = iphoneos;
				SWIFT_COMPILATION_MODE = wholemodule;
				VALIDATE_PRODUCT = YES;
			};
			name = Release;
		};
		3E4297892C09D28700B91C10 /* Debug */ = {
			isa = XCBuildConfiguration;
			buildSettings = {
				ASSETCATALOG_COMPILER_APPICON_NAME = AppIcon;
				ASSETCATALOG_COMPILER_GLOBAL_ACCENT_COLOR_NAME = AccentColor;
				CODE_SIGN_ENTITLEMENTS = Clueless/Clueless.entitlements;
				CODE_SIGN_STYLE = Automatic;
				CURRENT_PROJECT_VERSION = 1;
				DEVELOPMENT_ASSET_PATHS = "\"Clueless/Preview Content\"";
				DEVELOPMENT_TEAM = W3GT8HNHTS;
				ENABLE_PREVIEWS = YES;
				GENERATE_INFOPLIST_FILE = YES;
				INFOPLIST_FILE = Clueless/Info.plist;
				INFOPLIST_KEY_CFBundleDisplayName = Clueless;
				INFOPLIST_KEY_LSApplicationCategoryType = "public.app-category.puzzle-games";
				INFOPLIST_KEY_UIApplicationSceneManifest_Generation = YES;
				INFOPLIST_KEY_UIApplicationSupportsIndirectInputEvents = YES;
				INFOPLIST_KEY_UILaunchScreen_Generation = YES;
				INFOPLIST_KEY_UISupportedInterfaceOrientations_iPad = "UIInterfaceOrientationPortrait UIInterfaceOrientationPortraitUpsideDown UIInterfaceOrientationLandscapeLeft UIInterfaceOrientationLandscapeRight";
				INFOPLIST_KEY_UISupportedInterfaceOrientations_iPhone = "UIInterfaceOrientationPortrait UIInterfaceOrientationLandscapeLeft UIInterfaceOrientationLandscapeRight";
				IPHONEOS_DEPLOYMENT_TARGET = 17.2;
				LD_RUNPATH_SEARCH_PATHS = (
					"$(inherited)",
					"@executable_path/Frameworks",
				);
				MARKETING_VERSION = 1.0;
				PRODUCT_BUNDLE_IDENTIFIER = com.kevnh.Clueless;
				PRODUCT_NAME = "$(TARGET_NAME)";
				SUPPORTED_PLATFORMS = "iphoneos iphonesimulator";
				SUPPORTS_MACCATALYST = NO;
				SUPPORTS_MAC_DESIGNED_FOR_IPHONE_IPAD = NO;
				SUPPORTS_XR_DESIGNED_FOR_IPHONE_IPAD = NO;
				SWIFT_EMIT_LOC_STRINGS = YES;
				SWIFT_VERSION = 5.0;
				TARGETED_DEVICE_FAMILY = 1;
			};
			name = Debug;
		};
		3E42978A2C09D28700B91C10 /* Release */ = {
			isa = XCBuildConfiguration;
			buildSettings = {
				ASSETCATALOG_COMPILER_APPICON_NAME = AppIcon;
				ASSETCATALOG_COMPILER_GLOBAL_ACCENT_COLOR_NAME = AccentColor;
				CODE_SIGN_ENTITLEMENTS = Clueless/Clueless.entitlements;
				CODE_SIGN_STYLE = Automatic;
				CURRENT_PROJECT_VERSION = 1;
				DEVELOPMENT_ASSET_PATHS = "\"Clueless/Preview Content\"";
				DEVELOPMENT_TEAM = W3GT8HNHTS;
				ENABLE_PREVIEWS = YES;
				GENERATE_INFOPLIST_FILE = YES;
				INFOPLIST_FILE = Clueless/Info.plist;
				INFOPLIST_KEY_CFBundleDisplayName = Clueless;
				INFOPLIST_KEY_LSApplicationCategoryType = "public.app-category.puzzle-games";
				INFOPLIST_KEY_UIApplicationSceneManifest_Generation = YES;
				INFOPLIST_KEY_UIApplicationSupportsIndirectInputEvents = YES;
				INFOPLIST_KEY_UILaunchScreen_Generation = YES;
				INFOPLIST_KEY_UISupportedInterfaceOrientations_iPad = "UIInterfaceOrientationPortrait UIInterfaceOrientationPortraitUpsideDown UIInterfaceOrientationLandscapeLeft UIInterfaceOrientationLandscapeRight";
				INFOPLIST_KEY_UISupportedInterfaceOrientations_iPhone = "UIInterfaceOrientationPortrait UIInterfaceOrientationLandscapeLeft UIInterfaceOrientationLandscapeRight";
				IPHONEOS_DEPLOYMENT_TARGET = 17.2;
				LD_RUNPATH_SEARCH_PATHS = (
					"$(inherited)",
					"@executable_path/Frameworks",
				);
				MARKETING_VERSION = 1.0;
				PRODUCT_BUNDLE_IDENTIFIER = com.kevnh.Clueless;
				PRODUCT_NAME = "$(TARGET_NAME)";
				SUPPORTED_PLATFORMS = "iphoneos iphonesimulator";
				SUPPORTS_MACCATALYST = NO;
				SUPPORTS_MAC_DESIGNED_FOR_IPHONE_IPAD = NO;
				SUPPORTS_XR_DESIGNED_FOR_IPHONE_IPAD = NO;
				SWIFT_EMIT_LOC_STRINGS = YES;
				SWIFT_VERSION = 5.0;
				TARGETED_DEVICE_FAMILY = 1;
			};
			name = Release;
		};
/* End XCBuildConfiguration section */

/* Begin XCConfigurationList section */
		3E4297752C09D28600B91C10 /* Build configuration list for PBXProject "Clueless" */ = {
			isa = XCConfigurationList;
			buildConfigurations = (
				3E4297862C09D28700B91C10 /* Debug */,
				3E4297872C09D28700B91C10 /* Release */,
			);
			defaultConfigurationIsVisible = 0;
			defaultConfigurationName = Release;
		};
		3E4297882C09D28700B91C10 /* Build configuration list for PBXNativeTarget "Clueless" */ = {
			isa = XCConfigurationList;
			buildConfigurations = (
				3E4297892C09D28700B91C10 /* Debug */,
				3E42978A2C09D28700B91C10 /* Release */,
			);
			defaultConfigurationIsVisible = 0;
			defaultConfigurationName = Release;
		};
/* End XCConfigurationList section */
	};
	rootObject = 3E4297722C09D28600B91C10 /* Project object */;
}
